// !$*UTF8*$!
{
	archiveVersion = 1;
	classes = {
	};
	objectVersion = 56;
	objects = {

/* Begin PBXBuildFile section */
		620D9F01296DB076000CB1F3 /* ThaiQR_POSApp.swift in Sources */ = {isa = PBXBuildFile; fileRef = 620D9F00296DB076000CB1F3 /* ThaiQR_POSApp.swift */; };
		620D9F03296DB076000CB1F3 /* HelloWorldView.swift in Sources */ = {isa = PBXBuildFile; fileRef = 620D9F02296DB076000CB1F3 /* HelloWorldView.swift */; };
		620D9F05296DB078000CB1F3 /* Assets.xcassets in Resources */ = {isa = PBXBuildFile; fileRef = 620D9F04296DB078000CB1F3 /* Assets.xcassets */; };
		620D9F09296DB078000CB1F3 /* Preview Assets.xcassets in Resources */ = {isa = PBXBuildFile; fileRef = 620D9F08296DB078000CB1F3 /* Preview Assets.xcassets */; };
		620D9F13296DB078000CB1F3 /* ThaiQR_POSTests.swift in Sources */ = {isa = PBXBuildFile; fileRef = 620D9F12296DB078000CB1F3 /* ThaiQR_POSTests.swift */; };
		620D9F1D296DB078000CB1F3 /* ThaiQR_POSUITests.swift in Sources */ = {isa = PBXBuildFile; fileRef = 620D9F1C296DB078000CB1F3 /* ThaiQR_POSUITests.swift */; };
		620D9F1F296DB078000CB1F3 /* ThaiQR_POSUITestsLaunchTests.swift in Sources */ = {isa = PBXBuildFile; fileRef = 620D9F1E296DB078000CB1F3 /* ThaiQR_POSUITestsLaunchTests.swift */; };
		620D9F2E296DB282000CB1F3 /* QR_Generator.swift in Sources */ = {isa = PBXBuildFile; fileRef = 620D9F2D296DB282000CB1F3 /* QR_Generator.swift */; };
		620D9F32296DB459000CB1F3 /* CodeScanner in Frameworks */ = {isa = PBXBuildFile; productRef = 620D9F31296DB459000CB1F3 /* CodeScanner */; };
		620D9F34296DB492000CB1F3 /* QR_Scanner.swift in Sources */ = {isa = PBXBuildFile; fileRef = 620D9F33296DB492000CB1F3 /* QR_Scanner.swift */; };
		620D9F36296DC346000CB1F3 /* SlipVerifierView.swift in Sources */ = {isa = PBXBuildFile; fileRef = 620D9F35296DC346000CB1F3 /* SlipVerifierView.swift */; };
		628EED0A296F0E0B004FCEAE /* Slip.swift in Sources */ = {isa = PBXBuildFile; fileRef = 628EED09296F0E0B004FCEAE /* Slip.swift */; };
		628EED0C296F0E2F004FCEAE /* Extensions.swift in Sources */ = {isa = PBXBuildFile; fileRef = 628EED0B296F0E2F004FCEAE /* Extensions.swift */; };
		628EED0E296F0E48004FCEAE /* CRC.swift in Sources */ = {isa = PBXBuildFile; fileRef = 628EED0D296F0E48004FCEAE /* CRC.swift */; };
		628EED13296F0F30004FCEAE /* CRC-16_CCITT-FALSE.c in Sources */ = {isa = PBXBuildFile; fileRef = 628EED12296F0F30004FCEAE /* CRC-16_CCITT-FALSE.c */; };
		62CF6DE1296E7E0900F4C038 /* Loading_Circle.swift in Sources */ = {isa = PBXBuildFile; fileRef = 62CF6DE0296E7E0900F4C038 /* Loading_Circle.swift */; };
		62D17C6429719F1500FBB011 /* HomeTapView.swift in Sources */ = {isa = PBXBuildFile; fileRef = 62D17C6329719F1500FBB011 /* HomeTapView.swift */; };
		62D17C682971A7DE00FBB011 /* PaymentRequest_NumPad.swift in Sources */ = {isa = PBXBuildFile; fileRef = 62D17C672971A7DE00FBB011 /* PaymentRequest_NumPad.swift */; };
		62D17C6A2971B06800FBB011 /* Number_Button.swift in Sources */ = {isa = PBXBuildFile; fileRef = 62D17C692971B06800FBB011 /* Number_Button.swift */; };
		62D17C6C2971B72700FBB011 /* CalculatorView.swift in Sources */ = {isa = PBXBuildFile; fileRef = 62D17C6B2971B72700FBB011 /* CalculatorView.swift */; };
/* End PBXBuildFile section */

/* Begin PBXContainerItemProxy section */
		620D9F0F296DB078000CB1F3 /* PBXContainerItemProxy */ = {
			isa = PBXContainerItemProxy;
			containerPortal = 620D9EF5296DB076000CB1F3 /* Project object */;
			proxyType = 1;
			remoteGlobalIDString = 620D9EFC296DB076000CB1F3;
			remoteInfo = ThaiQR_POS;
		};
		620D9F19296DB078000CB1F3 /* PBXContainerItemProxy */ = {
			isa = PBXContainerItemProxy;
			containerPortal = 620D9EF5296DB076000CB1F3 /* Project object */;
			proxyType = 1;
			remoteGlobalIDString = 620D9EFC296DB076000CB1F3;
			remoteInfo = ThaiQR_POS;
		};
/* End PBXContainerItemProxy section */

/* Begin PBXFileReference section */
		620D9EFD296DB076000CB1F3 /* ThaiQR_POS.app */ = {isa = PBXFileReference; explicitFileType = wrapper.application; includeInIndex = 0; path = ThaiQR_POS.app; sourceTree = BUILT_PRODUCTS_DIR; };
		620D9F00296DB076000CB1F3 /* ThaiQR_POSApp.swift */ = {isa = PBXFileReference; lastKnownFileType = sourcecode.swift; path = ThaiQR_POSApp.swift; sourceTree = "<group>"; };
		620D9F02296DB076000CB1F3 /* HelloWorldView.swift */ = {isa = PBXFileReference; lastKnownFileType = sourcecode.swift; path = HelloWorldView.swift; sourceTree = "<group>"; };
		620D9F04296DB078000CB1F3 /* Assets.xcassets */ = {isa = PBXFileReference; lastKnownFileType = folder.assetcatalog; path = Assets.xcassets; sourceTree = "<group>"; };
		620D9F06296DB078000CB1F3 /* ThaiQR_POS.entitlements */ = {isa = PBXFileReference; lastKnownFileType = text.plist.entitlements; path = ThaiQR_POS.entitlements; sourceTree = "<group>"; };
		620D9F08296DB078000CB1F3 /* Preview Assets.xcassets */ = {isa = PBXFileReference; lastKnownFileType = folder.assetcatalog; path = "Preview Assets.xcassets"; sourceTree = "<group>"; };
		620D9F0E296DB078000CB1F3 /* ThaiQR_POSTests.xctest */ = {isa = PBXFileReference; explicitFileType = wrapper.cfbundle; includeInIndex = 0; path = ThaiQR_POSTests.xctest; sourceTree = BUILT_PRODUCTS_DIR; };
		620D9F12296DB078000CB1F3 /* ThaiQR_POSTests.swift */ = {isa = PBXFileReference; lastKnownFileType = sourcecode.swift; path = ThaiQR_POSTests.swift; sourceTree = "<group>"; };
		620D9F18296DB078000CB1F3 /* ThaiQR_POSUITests.xctest */ = {isa = PBXFileReference; explicitFileType = wrapper.cfbundle; includeInIndex = 0; path = ThaiQR_POSUITests.xctest; sourceTree = BUILT_PRODUCTS_DIR; };
		620D9F1C296DB078000CB1F3 /* ThaiQR_POSUITests.swift */ = {isa = PBXFileReference; lastKnownFileType = sourcecode.swift; path = ThaiQR_POSUITests.swift; sourceTree = "<group>"; };
		620D9F1E296DB078000CB1F3 /* ThaiQR_POSUITestsLaunchTests.swift */ = {isa = PBXFileReference; lastKnownFileType = sourcecode.swift; path = ThaiQR_POSUITestsLaunchTests.swift; sourceTree = "<group>"; };
		620D9F2D296DB282000CB1F3 /* QR_Generator.swift */ = {isa = PBXFileReference; lastKnownFileType = sourcecode.swift; path = QR_Generator.swift; sourceTree = "<group>"; };
		620D9F33296DB492000CB1F3 /* QR_Scanner.swift */ = {isa = PBXFileReference; lastKnownFileType = sourcecode.swift; path = QR_Scanner.swift; sourceTree = "<group>"; };
		620D9F35296DC346000CB1F3 /* SlipVerifierView.swift */ = {isa = PBXFileReference; lastKnownFileType = sourcecode.swift; path = SlipVerifierView.swift; sourceTree = "<group>"; };
		620D9F37296DC4B7000CB1F3 /* ThaiQR-POS-Info.plist */ = {isa = PBXFileReference; lastKnownFileType = text.plist; path = "ThaiQR-POS-Info.plist"; sourceTree = SOURCE_ROOT; };
		628EED09296F0E0B004FCEAE /* Slip.swift */ = {isa = PBXFileReference; lastKnownFileType = sourcecode.swift; path = Slip.swift; sourceTree = "<group>"; };
		628EED0B296F0E2F004FCEAE /* Extensions.swift */ = {isa = PBXFileReference; lastKnownFileType = sourcecode.swift; path = Extensions.swift; sourceTree = "<group>"; };
		628EED0D296F0E48004FCEAE /* CRC.swift */ = {isa = PBXFileReference; lastKnownFileType = sourcecode.swift; path = CRC.swift; sourceTree = "<group>"; };
		628EED10296F0F30004FCEAE /* ThaiQR_POS-Bridging-Header.h */ = {isa = PBXFileReference; lastKnownFileType = sourcecode.c.h; path = "ThaiQR_POS-Bridging-Header.h"; sourceTree = "<group>"; };
		628EED11296F0F30004FCEAE /* CRC-16_CCITT-FALSE.h */ = {isa = PBXFileReference; lastKnownFileType = sourcecode.c.h; path = "CRC-16_CCITT-FALSE.h"; sourceTree = "<group>"; };
		628EED12296F0F30004FCEAE /* CRC-16_CCITT-FALSE.c */ = {isa = PBXFileReference; lastKnownFileType = sourcecode.c.c; path = "CRC-16_CCITT-FALSE.c"; sourceTree = "<group>"; };
		62CF6DE0296E7E0900F4C038 /* Loading_Circle.swift */ = {isa = PBXFileReference; lastKnownFileType = sourcecode.swift; path = Loading_Circle.swift; sourceTree = "<group>"; };
		62D17C6329719F1500FBB011 /* HomeTapView.swift */ = {isa = PBXFileReference; lastKnownFileType = sourcecode.swift; path = HomeTapView.swift; sourceTree = "<group>"; };
		62D17C672971A7DE00FBB011 /* PaymentRequest_NumPad.swift */ = {isa = PBXFileReference; lastKnownFileType = sourcecode.swift; path = PaymentRequest_NumPad.swift; sourceTree = "<group>"; };
		62D17C692971B06800FBB011 /* Number_Button.swift */ = {isa = PBXFileReference; lastKnownFileType = sourcecode.swift; path = Number_Button.swift; sourceTree = "<group>"; };
		62D17C6B2971B72700FBB011 /* CalculatorView.swift */ = {isa = PBXFileReference; lastKnownFileType = sourcecode.swift; path = CalculatorView.swift; sourceTree = "<group>"; };
/* End PBXFileReference section */

/* Begin PBXFrameworksBuildPhase section */
		620D9EFA296DB076000CB1F3 /* Frameworks */ = {
			isa = PBXFrameworksBuildPhase;
			buildActionMask = 2147483647;
			files = (
				620D9F32296DB459000CB1F3 /* CodeScanner in Frameworks */,
			);
			runOnlyForDeploymentPostprocessing = 0;
		};
		620D9F0B296DB078000CB1F3 /* Frameworks */ = {
			isa = PBXFrameworksBuildPhase;
			buildActionMask = 2147483647;
			files = (
			);
			runOnlyForDeploymentPostprocessing = 0;
		};
		620D9F15296DB078000CB1F3 /* Frameworks */ = {
			isa = PBXFrameworksBuildPhase;
			buildActionMask = 2147483647;
			files = (
			);
			runOnlyForDeploymentPostprocessing = 0;
		};
/* End PBXFrameworksBuildPhase section */

/* Begin PBXGroup section */
		620D9EF4296DB076000CB1F3 = {
			isa = PBXGroup;
			children = (
				620D9EFF296DB076000CB1F3 /* ThaiQR_POS */,
				620D9F11296DB078000CB1F3 /* ThaiQR_POSTests */,
				620D9F1B296DB078000CB1F3 /* ThaiQR_POSUITests */,
				620D9EFE296DB076000CB1F3 /* Products */,
			);
			sourceTree = "<group>";
		};
		620D9EFE296DB076000CB1F3 /* Products */ = {
			isa = PBXGroup;
			children = (
				620D9EFD296DB076000CB1F3 /* ThaiQR_POS.app */,
				620D9F0E296DB078000CB1F3 /* ThaiQR_POSTests.xctest */,
				620D9F18296DB078000CB1F3 /* ThaiQR_POSUITests.xctest */,
			);
			name = Products;
			sourceTree = "<group>";
		};
		620D9EFF296DB076000CB1F3 /* ThaiQR_POS */ = {
			isa = PBXGroup;
			children = (
				620D9F37296DC4B7000CB1F3 /* ThaiQR-POS-Info.plist */,
				620D9F00296DB076000CB1F3 /* ThaiQR_POSApp.swift */,
				628EED04296F0D3A004FCEAE /* Models */,
				620D9F2F296DB3A6000CB1F3 /* PageViews */,
				620D9F2C296DB22A000CB1F3 /* ElementViews */,
				620D9F04296DB078000CB1F3 /* Assets.xcassets */,
				620D9F06296DB078000CB1F3 /* ThaiQR_POS.entitlements */,
				620D9F07296DB078000CB1F3 /* Preview Content */,
			);
			path = ThaiQR_POS;
			sourceTree = "<group>";
		};
		620D9F07296DB078000CB1F3 /* Preview Content */ = {
			isa = PBXGroup;
			children = (
				620D9F08296DB078000CB1F3 /* Preview Assets.xcassets */,
			);
			path = "Preview Content";
			sourceTree = "<group>";
		};
		620D9F11296DB078000CB1F3 /* ThaiQR_POSTests */ = {
			isa = PBXGroup;
			children = (
				620D9F12296DB078000CB1F3 /* ThaiQR_POSTests.swift */,
			);
			path = ThaiQR_POSTests;
			sourceTree = "<group>";
		};
		620D9F1B296DB078000CB1F3 /* ThaiQR_POSUITests */ = {
			isa = PBXGroup;
			children = (
				620D9F1C296DB078000CB1F3 /* ThaiQR_POSUITests.swift */,
				620D9F1E296DB078000CB1F3 /* ThaiQR_POSUITestsLaunchTests.swift */,
			);
			path = ThaiQR_POSUITests;
			sourceTree = "<group>";
		};
		620D9F2C296DB22A000CB1F3 /* ElementViews */ = {
			isa = PBXGroup;
			children = (
				620D9F2D296DB282000CB1F3 /* QR_Generator.swift */,
				620D9F33296DB492000CB1F3 /* QR_Scanner.swift */,
				62CF6DE0296E7E0900F4C038 /* Loading_Circle.swift */,
				62D17C672971A7DE00FBB011 /* PaymentRequest_NumPad.swift */,
				62D17C692971B06800FBB011 /* Number_Button.swift */,
			);
			path = ElementViews;
			sourceTree = "<group>";
		};
		620D9F2F296DB3A6000CB1F3 /* PageViews */ = {
			isa = PBXGroup;
			children = (
				62D17C6329719F1500FBB011 /* HomeTapView.swift */,
				620D9F35296DC346000CB1F3 /* SlipVerifierView.swift */,
				620D9F02296DB076000CB1F3 /* HelloWorldView.swift */,
				62D17C6B2971B72700FBB011 /* CalculatorView.swift */,
			);
			path = PageViews;
			sourceTree = "<group>";
		};
		628EED04296F0D3A004FCEAE /* Models */ = {
			isa = PBXGroup;
			children = (
				628EED0F296F0F10004FCEAE /* C */,
				628EED09296F0E0B004FCEAE /* Slip.swift */,
				628EED0B296F0E2F004FCEAE /* Extensions.swift */,
				628EED0D296F0E48004FCEAE /* CRC.swift */,
			);
			path = Models;
			sourceTree = "<group>";
		};
		628EED0F296F0F10004FCEAE /* C */ = {
			isa = PBXGroup;
			children = (
				628EED11296F0F30004FCEAE /* CRC-16_CCITT-FALSE.h */,
				628EED12296F0F30004FCEAE /* CRC-16_CCITT-FALSE.c */,
				628EED10296F0F30004FCEAE /* ThaiQR_POS-Bridging-Header.h */,
			);
			path = C;
			sourceTree = "<group>";
		};
/* End PBXGroup section */

/* Begin PBXNativeTarget section */
		620D9EFC296DB076000CB1F3 /* ThaiQR_POS */ = {
			isa = PBXNativeTarget;
			buildConfigurationList = 620D9F22296DB078000CB1F3 /* Build configuration list for PBXNativeTarget "ThaiQR_POS" */;
			buildPhases = (
				620D9EF9296DB076000CB1F3 /* Sources */,
				620D9EFA296DB076000CB1F3 /* Frameworks */,
				620D9EFB296DB076000CB1F3 /* Resources */,
			);
			buildRules = (
			);
			dependencies = (
			);
			name = ThaiQR_POS;
			packageProductDependencies = (
				620D9F31296DB459000CB1F3 /* CodeScanner */,
			);
			productName = ThaiQR_POS;
			productReference = 620D9EFD296DB076000CB1F3 /* ThaiQR_POS.app */;
			productType = "com.apple.product-type.application";
		};
		620D9F0D296DB078000CB1F3 /* ThaiQR_POSTests */ = {
			isa = PBXNativeTarget;
			buildConfigurationList = 620D9F25296DB078000CB1F3 /* Build configuration list for PBXNativeTarget "ThaiQR_POSTests" */;
			buildPhases = (
				620D9F0A296DB078000CB1F3 /* Sources */,
				620D9F0B296DB078000CB1F3 /* Frameworks */,
				620D9F0C296DB078000CB1F3 /* Resources */,
			);
			buildRules = (
			);
			dependencies = (
				620D9F10296DB078000CB1F3 /* PBXTargetDependency */,
			);
			name = ThaiQR_POSTests;
			productName = ThaiQR_POSTests;
			productReference = 620D9F0E296DB078000CB1F3 /* ThaiQR_POSTests.xctest */;
			productType = "com.apple.product-type.bundle.unit-test";
		};
		620D9F17296DB078000CB1F3 /* ThaiQR_POSUITests */ = {
			isa = PBXNativeTarget;
			buildConfigurationList = 620D9F28296DB078000CB1F3 /* Build configuration list for PBXNativeTarget "ThaiQR_POSUITests" */;
			buildPhases = (
				620D9F14296DB078000CB1F3 /* Sources */,
				620D9F15296DB078000CB1F3 /* Frameworks */,
				620D9F16296DB078000CB1F3 /* Resources */,
			);
			buildRules = (
			);
			dependencies = (
				620D9F1A296DB078000CB1F3 /* PBXTargetDependency */,
			);
			name = ThaiQR_POSUITests;
			productName = ThaiQR_POSUITests;
			productReference = 620D9F18296DB078000CB1F3 /* ThaiQR_POSUITests.xctest */;
			productType = "com.apple.product-type.bundle.ui-testing";
		};
/* End PBXNativeTarget section */

/* Begin PBXProject section */
		620D9EF5296DB076000CB1F3 /* Project object */ = {
			isa = PBXProject;
			attributes = {
				BuildIndependentTargetsInParallel = 1;
				LastSwiftUpdateCheck = 1420;
				LastUpgradeCheck = 1420;
				TargetAttributes = {
					620D9EFC296DB076000CB1F3 = {
						CreatedOnToolsVersion = 14.2;
						LastSwiftMigration = 1420;
					};
					620D9F0D296DB078000CB1F3 = {
						CreatedOnToolsVersion = 14.2;
						TestTargetID = 620D9EFC296DB076000CB1F3;
					};
					620D9F17296DB078000CB1F3 = {
						CreatedOnToolsVersion = 14.2;
						TestTargetID = 620D9EFC296DB076000CB1F3;
					};
				};
			};
			buildConfigurationList = 620D9EF8296DB076000CB1F3 /* Build configuration list for PBXProject "ThaiQR_POS" */;
			compatibilityVersion = "Xcode 14.0";
			developmentRegion = en;
			hasScannedForEncodings = 0;
			knownRegions = (
				en,
				Base,
			);
			mainGroup = 620D9EF4296DB076000CB1F3;
			packageReferences = (
				620D9F30296DB459000CB1F3 /* XCRemoteSwiftPackageReference "CodeScanner" */,
			);
			productRefGroup = 620D9EFE296DB076000CB1F3 /* Products */;
			projectDirPath = "";
			projectRoot = "";
			targets = (
				620D9EFC296DB076000CB1F3 /* ThaiQR_POS */,
				620D9F0D296DB078000CB1F3 /* ThaiQR_POSTests */,
				620D9F17296DB078000CB1F3 /* ThaiQR_POSUITests */,
			);
		};
/* End PBXProject section */

/* Begin PBXResourcesBuildPhase section */
		620D9EFB296DB076000CB1F3 /* Resources */ = {
			isa = PBXResourcesBuildPhase;
			buildActionMask = 2147483647;
			files = (
				620D9F09296DB078000CB1F3 /* Preview Assets.xcassets in Resources */,
				620D9F05296DB078000CB1F3 /* Assets.xcassets in Resources */,
			);
			runOnlyForDeploymentPostprocessing = 0;
		};
		620D9F0C296DB078000CB1F3 /* Resources */ = {
			isa = PBXResourcesBuildPhase;
			buildActionMask = 2147483647;
			files = (
			);
			runOnlyForDeploymentPostprocessing = 0;
		};
		620D9F16296DB078000CB1F3 /* Resources */ = {
			isa = PBXResourcesBuildPhase;
			buildActionMask = 2147483647;
			files = (
			);
			runOnlyForDeploymentPostprocessing = 0;
		};
/* End PBXResourcesBuildPhase section */

/* Begin PBXSourcesBuildPhase section */
		620D9EF9296DB076000CB1F3 /* Sources */ = {
			isa = PBXSourcesBuildPhase;
			buildActionMask = 2147483647;
			files = (
				628EED0A296F0E0B004FCEAE /* Slip.swift in Sources */,
				62D17C6A2971B06800FBB011 /* Number_Button.swift in Sources */,
				62CF6DE1296E7E0900F4C038 /* Loading_Circle.swift in Sources */,
				620D9F2E296DB282000CB1F3 /* QR_Generator.swift in Sources */,
				62D17C6429719F1500FBB011 /* HomeTapView.swift in Sources */,
				628EED0C296F0E2F004FCEAE /* Extensions.swift in Sources */,
				62D17C682971A7DE00FBB011 /* PaymentRequest_NumPad.swift in Sources */,
				620D9F03296DB076000CB1F3 /* HelloWorldView.swift in Sources */,
				62D17C6C2971B72700FBB011 /* CalculatorView.swift in Sources */,
				628EED13296F0F30004FCEAE /* CRC-16_CCITT-FALSE.c in Sources */,
				628EED0E296F0E48004FCEAE /* CRC.swift in Sources */,
				620D9F01296DB076000CB1F3 /* ThaiQR_POSApp.swift in Sources */,
				620D9F34296DB492000CB1F3 /* QR_Scanner.swift in Sources */,
				620D9F36296DC346000CB1F3 /* SlipVerifierView.swift in Sources */,
			);
			runOnlyForDeploymentPostprocessing = 0;
		};
		620D9F0A296DB078000CB1F3 /* Sources */ = {
			isa = PBXSourcesBuildPhase;
			buildActionMask = 2147483647;
			files = (
				620D9F13296DB078000CB1F3 /* ThaiQR_POSTests.swift in Sources */,
			);
			runOnlyForDeploymentPostprocessing = 0;
		};
		620D9F14296DB078000CB1F3 /* Sources */ = {
			isa = PBXSourcesBuildPhase;
			buildActionMask = 2147483647;
			files = (
				620D9F1F296DB078000CB1F3 /* ThaiQR_POSUITestsLaunchTests.swift in Sources */,
				620D9F1D296DB078000CB1F3 /* ThaiQR_POSUITests.swift in Sources */,
			);
			runOnlyForDeploymentPostprocessing = 0;
		};
/* End PBXSourcesBuildPhase section */

/* Begin PBXTargetDependency section */
		620D9F10296DB078000CB1F3 /* PBXTargetDependency */ = {
			isa = PBXTargetDependency;
			target = 620D9EFC296DB076000CB1F3 /* ThaiQR_POS */;
			targetProxy = 620D9F0F296DB078000CB1F3 /* PBXContainerItemProxy */;
		};
		620D9F1A296DB078000CB1F3 /* PBXTargetDependency */ = {
			isa = PBXTargetDependency;
			target = 620D9EFC296DB076000CB1F3 /* ThaiQR_POS */;
			targetProxy = 620D9F19296DB078000CB1F3 /* PBXContainerItemProxy */;
		};
/* End PBXTargetDependency section */

/* Begin XCBuildConfiguration section */
		620D9F20296DB078000CB1F3 /* Debug */ = {
			isa = XCBuildConfiguration;
			buildSettings = {
				ALWAYS_SEARCH_USER_PATHS = NO;
				CLANG_ANALYZER_NONNULL = YES;
				CLANG_ANALYZER_NUMBER_OBJECT_CONVERSION = YES_AGGRESSIVE;
				CLANG_CXX_LANGUAGE_STANDARD = "gnu++20";
				CLANG_ENABLE_MODULES = YES;
				CLANG_ENABLE_OBJC_ARC = YES;
				CLANG_ENABLE_OBJC_WEAK = YES;
				CLANG_WARN_BLOCK_CAPTURE_AUTORELEASING = YES;
				CLANG_WARN_BOOL_CONVERSION = YES;
				CLANG_WARN_COMMA = YES;
				CLANG_WARN_CONSTANT_CONVERSION = YES;
				CLANG_WARN_DEPRECATED_OBJC_IMPLEMENTATIONS = YES;
				CLANG_WARN_DIRECT_OBJC_ISA_USAGE = YES_ERROR;
				CLANG_WARN_DOCUMENTATION_COMMENTS = YES;
				CLANG_WARN_EMPTY_BODY = YES;
				CLANG_WARN_ENUM_CONVERSION = YES;
				CLANG_WARN_INFINITE_RECURSION = YES;
				CLANG_WARN_INT_CONVERSION = YES;
				CLANG_WARN_NON_LITERAL_NULL_CONVERSION = YES;
				CLANG_WARN_OBJC_IMPLICIT_RETAIN_SELF = YES;
				CLANG_WARN_OBJC_LITERAL_CONVERSION = YES;
				CLANG_WARN_OBJC_ROOT_CLASS = YES_ERROR;
				CLANG_WARN_QUOTED_INCLUDE_IN_FRAMEWORK_HEADER = YES;
				CLANG_WARN_RANGE_LOOP_ANALYSIS = YES;
				CLANG_WARN_STRICT_PROTOTYPES = YES;
				CLANG_WARN_SUSPICIOUS_MOVE = YES;
				CLANG_WARN_UNGUARDED_AVAILABILITY = YES_AGGRESSIVE;
				CLANG_WARN_UNREACHABLE_CODE = YES;
				CLANG_WARN__DUPLICATE_METHOD_MATCH = YES;
				COPY_PHASE_STRIP = NO;
				DEBUG_INFORMATION_FORMAT = dwarf;
				ENABLE_STRICT_OBJC_MSGSEND = YES;
				ENABLE_TESTABILITY = YES;
				GCC_C_LANGUAGE_STANDARD = gnu11;
				GCC_DYNAMIC_NO_PIC = NO;
				GCC_NO_COMMON_BLOCKS = YES;
				GCC_OPTIMIZATION_LEVEL = 0;
				GCC_PREPROCESSOR_DEFINITIONS = (
					"DEBUG=1",
					"$(inherited)",
				);
				GCC_WARN_64_TO_32_BIT_CONVERSION = YES;
				GCC_WARN_ABOUT_RETURN_TYPE = YES_ERROR;
				GCC_WARN_UNDECLARED_SELECTOR = YES;
				GCC_WARN_UNINITIALIZED_AUTOS = YES_AGGRESSIVE;
				GCC_WARN_UNUSED_FUNCTION = YES;
				GCC_WARN_UNUSED_VARIABLE = YES;
				MTL_ENABLE_DEBUG_INFO = INCLUDE_SOURCE;
				MTL_FAST_MATH = YES;
				ONLY_ACTIVE_ARCH = YES;
				SWIFT_ACTIVE_COMPILATION_CONDITIONS = DEBUG;
				SWIFT_OPTIMIZATION_LEVEL = "-Onone";
			};
			name = Debug;
		};
		620D9F21296DB078000CB1F3 /* Release */ = {
			isa = XCBuildConfiguration;
			buildSettings = {
				ALWAYS_SEARCH_USER_PATHS = NO;
				CLANG_ANALYZER_NONNULL = YES;
				CLANG_ANALYZER_NUMBER_OBJECT_CONVERSION = YES_AGGRESSIVE;
				CLANG_CXX_LANGUAGE_STANDARD = "gnu++20";
				CLANG_ENABLE_MODULES = YES;
				CLANG_ENABLE_OBJC_ARC = YES;
				CLANG_ENABLE_OBJC_WEAK = YES;
				CLANG_WARN_BLOCK_CAPTURE_AUTORELEASING = YES;
				CLANG_WARN_BOOL_CONVERSION = YES;
				CLANG_WARN_COMMA = YES;
				CLANG_WARN_CONSTANT_CONVERSION = YES;
				CLANG_WARN_DEPRECATED_OBJC_IMPLEMENTATIONS = YES;
				CLANG_WARN_DIRECT_OBJC_ISA_USAGE = YES_ERROR;
				CLANG_WARN_DOCUMENTATION_COMMENTS = YES;
				CLANG_WARN_EMPTY_BODY = YES;
				CLANG_WARN_ENUM_CONVERSION = YES;
				CLANG_WARN_INFINITE_RECURSION = YES;
				CLANG_WARN_INT_CONVERSION = YES;
				CLANG_WARN_NON_LITERAL_NULL_CONVERSION = YES;
				CLANG_WARN_OBJC_IMPLICIT_RETAIN_SELF = YES;
				CLANG_WARN_OBJC_LITERAL_CONVERSION = YES;
				CLANG_WARN_OBJC_ROOT_CLASS = YES_ERROR;
				CLANG_WARN_QUOTED_INCLUDE_IN_FRAMEWORK_HEADER = YES;
				CLANG_WARN_RANGE_LOOP_ANALYSIS = YES;
				CLANG_WARN_STRICT_PROTOTYPES = YES;
				CLANG_WARN_SUSPICIOUS_MOVE = YES;
				CLANG_WARN_UNGUARDED_AVAILABILITY = YES_AGGRESSIVE;
				CLANG_WARN_UNREACHABLE_CODE = YES;
				CLANG_WARN__DUPLICATE_METHOD_MATCH = YES;
				COPY_PHASE_STRIP = NO;
				DEBUG_INFORMATION_FORMAT = "dwarf-with-dsym";
				ENABLE_NS_ASSERTIONS = NO;
				ENABLE_STRICT_OBJC_MSGSEND = YES;
				GCC_C_LANGUAGE_STANDARD = gnu11;
				GCC_NO_COMMON_BLOCKS = YES;
				GCC_WARN_64_TO_32_BIT_CONVERSION = YES;
				GCC_WARN_ABOUT_RETURN_TYPE = YES_ERROR;
				GCC_WARN_UNDECLARED_SELECTOR = YES;
				GCC_WARN_UNINITIALIZED_AUTOS = YES_AGGRESSIVE;
				GCC_WARN_UNUSED_FUNCTION = YES;
				GCC_WARN_UNUSED_VARIABLE = YES;
				MTL_ENABLE_DEBUG_INFO = NO;
				MTL_FAST_MATH = YES;
				SWIFT_COMPILATION_MODE = wholemodule;
				SWIFT_OPTIMIZATION_LEVEL = "-O";
			};
			name = Release;
		};
		620D9F23296DB078000CB1F3 /* Debug */ = {
			isa = XCBuildConfiguration;
			buildSettings = {
				ASSETCATALOG_COMPILER_APPICON_NAME = AppIcon;
				ASSETCATALOG_COMPILER_GLOBAL_ACCENT_COLOR_NAME = AccentColor;
				CLANG_ENABLE_MODULES = YES;
				CODE_SIGN_ENTITLEMENTS = ThaiQR_POS/ThaiQR_POS.entitlements;
				CODE_SIGN_STYLE = Automatic;
				CURRENT_PROJECT_VERSION = 1;
				DEVELOPMENT_ASSET_PATHS = "\"ThaiQR_POS/Preview Content\"";
				DEVELOPMENT_TEAM = U2S8Q8VES6;
				ENABLE_HARDENED_RUNTIME = YES;
				ENABLE_PREVIEWS = YES;
				GENERATE_INFOPLIST_FILE = YES;
				INFOPLIST_FILE = "ThaiQR-POS-Info.plist";
				INFOPLIST_KEY_NSCameraUsageDescription = "The Camera is use for QR code scanning only.";
				"INFOPLIST_KEY_UIApplicationSceneManifest_Generation[sdk=iphoneos*]" = YES;
				"INFOPLIST_KEY_UIApplicationSceneManifest_Generation[sdk=iphonesimulator*]" = YES;
				"INFOPLIST_KEY_UIApplicationSupportsIndirectInputEvents[sdk=iphoneos*]" = YES;
				"INFOPLIST_KEY_UIApplicationSupportsIndirectInputEvents[sdk=iphonesimulator*]" = YES;
				"INFOPLIST_KEY_UILaunchScreen_Generation[sdk=iphoneos*]" = YES;
				"INFOPLIST_KEY_UILaunchScreen_Generation[sdk=iphonesimulator*]" = YES;
				"INFOPLIST_KEY_UIStatusBarStyle[sdk=iphoneos*]" = UIStatusBarStyleDefault;
				"INFOPLIST_KEY_UIStatusBarStyle[sdk=iphonesimulator*]" = UIStatusBarStyleDefault;
				INFOPLIST_KEY_UISupportedInterfaceOrientations_iPad = "UIInterfaceOrientationPortrait UIInterfaceOrientationPortraitUpsideDown UIInterfaceOrientationLandscapeLeft UIInterfaceOrientationLandscapeRight";
				INFOPLIST_KEY_UISupportedInterfaceOrientations_iPhone = "UIInterfaceOrientationPortrait UIInterfaceOrientationLandscapeLeft UIInterfaceOrientationLandscapeRight";
				IPHONEOS_DEPLOYMENT_TARGET = 16.2;
				LD_RUNPATH_SEARCH_PATHS = "@executable_path/Frameworks";
				"LD_RUNPATH_SEARCH_PATHS[sdk=macosx*]" = "@executable_path/../Frameworks";
				MACOSX_DEPLOYMENT_TARGET = 13.0;
				MARKETING_VERSION = 1.0;
				PRODUCT_BUNDLE_IDENTIFIER = "MattJunk.ThaiQR-POS";
				PRODUCT_NAME = "$(TARGET_NAME)";
				SDKROOT = auto;
				SUPPORTED_PLATFORMS = "iphonesimulator iphoneos";
				SWIFT_EMIT_LOC_STRINGS = YES;
				SWIFT_OBJC_BRIDGING_HEADER = "ThaiQR_POS/Models/C/ThaiQR_POS-Bridging-Header.h";
				SWIFT_OPTIMIZATION_LEVEL = "-Onone";
				SWIFT_VERSION = 5.0;
				TARGETED_DEVICE_FAMILY = "1,2";
			};
			name = Debug;
		};
		620D9F24296DB078000CB1F3 /* Release */ = {
			isa = XCBuildConfiguration;
			buildSettings = {
				ASSETCATALOG_COMPILER_APPICON_NAME = AppIcon;
				ASSETCATALOG_COMPILER_GLOBAL_ACCENT_COLOR_NAME = AccentColor;
				CLANG_ENABLE_MODULES = YES;
				CODE_SIGN_ENTITLEMENTS = ThaiQR_POS/ThaiQR_POS.entitlements;
				CODE_SIGN_STYLE = Automatic;
				CURRENT_PROJECT_VERSION = 1;
				DEVELOPMENT_ASSET_PATHS = "\"ThaiQR_POS/Preview Content\"";
				DEVELOPMENT_TEAM = U2S8Q8VES6;
				ENABLE_HARDENED_RUNTIME = YES;
				ENABLE_PREVIEWS = YES;
				GENERATE_INFOPLIST_FILE = YES;
				INFOPLIST_FILE = "ThaiQR-POS-Info.plist";
				INFOPLIST_KEY_NSCameraUsageDescription = "The Camera is use for QR code scanning only.";
				"INFOPLIST_KEY_UIApplicationSceneManifest_Generation[sdk=iphoneos*]" = YES;
				"INFOPLIST_KEY_UIApplicationSceneManifest_Generation[sdk=iphonesimulator*]" = YES;
				"INFOPLIST_KEY_UIApplicationSupportsIndirectInputEvents[sdk=iphoneos*]" = YES;
				"INFOPLIST_KEY_UIApplicationSupportsIndirectInputEvents[sdk=iphonesimulator*]" = YES;
				"INFOPLIST_KEY_UILaunchScreen_Generation[sdk=iphoneos*]" = YES;
				"INFOPLIST_KEY_UILaunchScreen_Generation[sdk=iphonesimulator*]" = YES;
				"INFOPLIST_KEY_UIStatusBarStyle[sdk=iphoneos*]" = UIStatusBarStyleDefault;
				"INFOPLIST_KEY_UIStatusBarStyle[sdk=iphonesimulator*]" = UIStatusBarStyleDefault;
				INFOPLIST_KEY_UISupportedInterfaceOrientations_iPad = "UIInterfaceOrientationPortrait UIInterfaceOrientationPortraitUpsideDown UIInterfaceOrientationLandscapeLeft UIInterfaceOrientationLandscapeRight";
				INFOPLIST_KEY_UISupportedInterfaceOrientations_iPhone = "UIInterfaceOrientationPortrait UIInterfaceOrientationLandscapeLeft UIInterfaceOrientationLandscapeRight";
				IPHONEOS_DEPLOYMENT_TARGET = 16.2;
				LD_RUNPATH_SEARCH_PATHS = "@executable_path/Frameworks";
				"LD_RUNPATH_SEARCH_PATHS[sdk=macosx*]" = "@executable_path/../Frameworks";
				MACOSX_DEPLOYMENT_TARGET = 13.0;
				MARKETING_VERSION = 1.0;
				PRODUCT_BUNDLE_IDENTIFIER = "MattJunk.ThaiQR-POS";
				PRODUCT_NAME = "$(TARGET_NAME)";
				SDKROOT = auto;
				SUPPORTED_PLATFORMS = "iphonesimulator iphoneos";
				SWIFT_EMIT_LOC_STRINGS = YES;
				SWIFT_OBJC_BRIDGING_HEADER = "ThaiQR_POS/Models/C/ThaiQR_POS-Bridging-Header.h";
				SWIFT_VERSION = 5.0;
				TARGETED_DEVICE_FAMILY = "1,2";
			};
			name = Release;
		};
		620D9F26296DB078000CB1F3 /* Debug */ = {
			isa = XCBuildConfiguration;
			buildSettings = {
				ALWAYS_EMBED_SWIFT_STANDARD_LIBRARIES = YES;
				BUNDLE_LOADER = "$(TEST_HOST)";
				CODE_SIGN_STYLE = Automatic;
				CURRENT_PROJECT_VERSION = 1;
				DEVELOPMENT_TEAM = U2S8Q8VES6;
				GENERATE_INFOPLIST_FILE = YES;
				IPHONEOS_DEPLOYMENT_TARGET = 16.2;
				MACOSX_DEPLOYMENT_TARGET = 13.0;
				MARKETING_VERSION = 1.0;
				PRODUCT_BUNDLE_IDENTIFIER = "MattJunk.ThaiQR-POSTests";
				PRODUCT_NAME = "$(TARGET_NAME)";
				SDKROOT = auto;
				SUPPORTED_PLATFORMS = "iphoneos iphonesimulator macosx";
				SWIFT_EMIT_LOC_STRINGS = NO;
				SWIFT_VERSION = 5.0;
				TARGETED_DEVICE_FAMILY = "1,2";
				TEST_HOST = "$(BUILT_PRODUCTS_DIR)/ThaiQR_POS.app/$(BUNDLE_EXECUTABLE_FOLDER_PATH)/ThaiQR_POS";
			};
			name = Debug;
		};
		620D9F27296DB078000CB1F3 /* Release */ = {
			isa = XCBuildConfiguration;
			buildSettings = {
				ALWAYS_EMBED_SWIFT_STANDARD_LIBRARIES = YES;
				BUNDLE_LOADER = "$(TEST_HOST)";
				CODE_SIGN_STYLE = Automatic;
				CURRENT_PROJECT_VERSION = 1;
				DEVELOPMENT_TEAM = U2S8Q8VES6;
				GENERATE_INFOPLIST_FILE = YES;
				IPHONEOS_DEPLOYMENT_TARGET = 16.2;
				MACOSX_DEPLOYMENT_TARGET = 13.0;
				MARKETING_VERSION = 1.0;
				PRODUCT_BUNDLE_IDENTIFIER = "MattJunk.ThaiQR-POSTests";
				PRODUCT_NAME = "$(TARGET_NAME)";
				SDKROOT = auto;
				SUPPORTED_PLATFORMS = "iphoneos iphonesimulator macosx";
				SWIFT_EMIT_LOC_STRINGS = NO;
				SWIFT_VERSION = 5.0;
				TARGETED_DEVICE_FAMILY = "1,2";
				TEST_HOST = "$(BUILT_PRODUCTS_DIR)/ThaiQR_POS.app/$(BUNDLE_EXECUTABLE_FOLDER_PATH)/ThaiQR_POS";
			};
			name = Release;
		};
		620D9F29296DB078000CB1F3 /* Debug */ = {
			isa = XCBuildConfiguration;
			buildSettings = {
				ALWAYS_EMBED_SWIFT_STANDARD_LIBRARIES = YES;
				CODE_SIGN_STYLE = Automatic;
				CURRENT_PROJECT_VERSION = 1;
				DEVELOPMENT_TEAM = U2S8Q8VES6;
				GENERATE_INFOPLIST_FILE = YES;
				IPHONEOS_DEPLOYMENT_TARGET = 16.2;
				MACOSX_DEPLOYMENT_TARGET = 13.0;
				MARKETING_VERSION = 1.0;
				PRODUCT_BUNDLE_IDENTIFIER = "MattJunk.ThaiQR-POSUITests";
				PRODUCT_NAME = "$(TARGET_NAME)";
				SDKROOT = auto;
				SUPPORTED_PLATFORMS = "iphoneos iphonesimulator macosx";
				SWIFT_EMIT_LOC_STRINGS = NO;
				SWIFT_VERSION = 5.0;
				TARGETED_DEVICE_FAMILY = "1,2";
				TEST_TARGET_NAME = ThaiQR_POS;
			};
			name = Debug;
		};
		620D9F2A296DB078000CB1F3 /* Release */ = {
			isa = XCBuildConfiguration;
			buildSettings = {
				ALWAYS_EMBED_SWIFT_STANDARD_LIBRARIES = YES;
				CODE_SIGN_STYLE = Automatic;
				CURRENT_PROJECT_VERSION = 1;
				DEVELOPMENT_TEAM = U2S8Q8VES6;
				GENERATE_INFOPLIST_FILE = YES;
				IPHONEOS_DEPLOYMENT_TARGET = 16.2;
				MACOSX_DEPLOYMENT_TARGET = 13.0;
				MARKETING_VERSION = 1.0;
				PRODUCT_BUNDLE_IDENTIFIER = "MattJunk.ThaiQR-POSUITests";
				PRODUCT_NAME = "$(TARGET_NAME)";
				SDKROOT = auto;
				SUPPORTED_PLATFORMS = "iphoneos iphonesimulator macosx";
				SWIFT_EMIT_LOC_STRINGS = NO;
				SWIFT_VERSION = 5.0;
				TARGETED_DEVICE_FAMILY = "1,2";
				TEST_TARGET_NAME = ThaiQR_POS;
			};
			name = Release;
		};
/* End XCBuildConfiguration section */

/* Begin XCConfigurationList section */
		620D9EF8296DB076000CB1F3 /* Build configuration list for PBXProject "ThaiQR_POS" */ = {
			isa = XCConfigurationList;
			buildConfigurations = (
				620D9F20296DB078000CB1F3 /* Debug */,
				620D9F21296DB078000CB1F3 /* Release */,
			);
			defaultConfigurationIsVisible = 0;
			defaultConfigurationName = Release;
		};
		620D9F22296DB078000CB1F3 /* Build configuration list for PBXNativeTarget "ThaiQR_POS" */ = {
			isa = XCConfigurationList;
			buildConfigurations = (
				620D9F23296DB078000CB1F3 /* Debug */,
				620D9F24296DB078000CB1F3 /* Release */,
			);
			defaultConfigurationIsVisible = 0;
			defaultConfigurationName = Release;
		};
		620D9F25296DB078000CB1F3 /* Build configuration list for PBXNativeTarget "ThaiQR_POSTests" */ = {
			isa = XCConfigurationList;
			buildConfigurations = (
				620D9F26296DB078000CB1F3 /* Debug */,
				620D9F27296DB078000CB1F3 /* Release */,
			);
			defaultConfigurationIsVisible = 0;
			defaultConfigurationName = Release;
		};
		620D9F28296DB078000CB1F3 /* Build configuration list for PBXNativeTarget "ThaiQR_POSUITests" */ = {
			isa = XCConfigurationList;
			buildConfigurations = (
				620D9F29296DB078000CB1F3 /* Debug */,
				620D9F2A296DB078000CB1F3 /* Release */,
			);
			defaultConfigurationIsVisible = 0;
			defaultConfigurationName = Release;
		};
/* End XCConfigurationList section */

/* Begin XCRemoteSwiftPackageReference section */
		620D9F30296DB459000CB1F3 /* XCRemoteSwiftPackageReference "CodeScanner" */ = {
			isa = XCRemoteSwiftPackageReference;
			repositoryURL = "https://github.com/twostraws/CodeScanner";
			requirement = {
				kind = upToNextMajorVersion;
				minimumVersion = 2.0.0;
			};
		};
/* End XCRemoteSwiftPackageReference section */

/* Begin XCSwiftPackageProductDependency section */
		620D9F31296DB459000CB1F3 /* CodeScanner */ = {
			isa = XCSwiftPackageProductDependency;
			package = 620D9F30296DB459000CB1F3 /* XCRemoteSwiftPackageReference "CodeScanner" */;
			productName = CodeScanner;
		};
/* End XCSwiftPackageProductDependency section */
	};
	rootObject = 620D9EF5296DB076000CB1F3 /* Project object */;
}
